
Microsoft Visual Studio Solution File, Format Version 12.00
# Visual Studio 2017
Project("{FAE04EC0-301F-11D3-BF4B-00C04F79EFBC}") = "UnityGameFramework.Runtime", "UnityGameFramework.Runtime.csproj", "{67A9BF4A-0647-E7AB-D27F-F75FB487D16B}"
EndProject
Project("{FAE04EC0-301F-11D3-BF4B-00C04F79EFBC}") = "ChineseFood", "ChineseFood.csproj", "{08FDAEA3-8624-669A-6B9B-C5D18F4417FC}"
EndProject
Project("{FAE04EC0-301F-11D3-BF4B-00C04F79EFBC}") = "UnityGameFramework.Editor", "UnityGameFramework.Editor.csproj", "{AC2C2EEB-B73D-D3AA-91F6-97270854DEA6}"
EndProject
Project("{FAE04EC0-301F-11D3-BF4B-00C04F79EFBC}") = "ChineseFood.Editor", "ChineseFood.Editor.csproj", "{B2C16398-FF93-9601-24FC-F71BE58521EB}"
EndProject
Global
	GlobalSection(SolutionConfigurationPlatforms) = preSolution
		Debug|Any CPU = Debug|Any CPU
		Release|Any CPU = Release|Any CPU
	EndGlobalSection
	GlobalSection(ProjectConfigurationPlatforms) = postSolution
		{67A9BF4A-0647-E7AB-D27F-F75FB487D16B}.Debug|Any CPU.ActiveCfg = Debug|Any CPU
		{67A9BF4A-0647-E7AB-D27F-F75FB487D16B}.Debug|Any CPU.Build.0 = Debug|Any CPU
		{67A9BF4A-0647-E7AB-D27F-F75FB487D16B}.Release|Any CPU.ActiveCfg = Release|Any CPU
		{67A9BF4A-0647-E7AB-D27F-F75FB487D16B}.Release|Any CPU.Build.0 = Release|Any CPU
		{08FDAEA3-8624-669A-6B9B-C5D18F4417FC}.Debug|Any CPU.ActiveCfg = Debug|Any CPU
		{08FDAEA3-8624-669A-6B9B-C5D18F4417FC}.Debug|Any CPU.Build.0 = Debug|Any CPU
		{08FDAEA3-8624-669A-6B9B-C5D18F4417FC}.Release|Any CPU.ActiveCfg = Release|Any CPU
		{08FDAEA3-8624-669A-6B9B-C5D18F4417FC}.Release|Any CPU.Build.0 = Release|Any CPU
		{AC2C2EEB-B73D-D3AA-91F6-97270854DEA6}.Debug|Any CPU.ActiveCfg = Debug|Any CPU
		{AC2C2EEB-B73D-D3AA-91F6-97270854DEA6}.Debug|Any CPU.Build.0 = Debug|Any CPU
		{AC2C2EEB-B73D-D3AA-91F6-97270854DEA6}.Release|Any CPU.ActiveCfg = Release|Any CPU
		{AC2C2EEB-B73D-D3AA-91F6-97270854DEA6}.Release|Any CPU.Build.0 = Release|Any CPU
		{B2C16398-FF93-9601-24FC-F71BE58521EB}.Debug|Any CPU.ActiveCfg = Debug|Any CPU
		{B2C16398-FF93-9601-24FC-F71BE58521EB}.Debug|Any CPU.Build.0 = Debug|Any CPU
		{B2C16398-FF93-9601-24FC-F71BE58521EB}.Release|Any CPU.ActiveCfg = Release|Any CPU
		{B2C16398-FF93-9601-24FC-F71BE58521EB}.Release|Any CPU.Build.0 = Release|Any CPU
	EndGlobalSection
	GlobalSection(SolutionProperties) = preSolution
		HideSolutionNode = FALSE
	EndGlobalSection
EndGlobal
